
Microsoft Visual Studio Solution File, Format Version 12.00
# Visual Studio Version 16
VisualStudioVersion = 16.0.30907.101
MinimumVisualStudioVersion = 10.0.40219.1
Project("{FAE04EC0-301F-11D3-BF4B-00C04F79EFBC}") = "Cryptio", "Cryptio\Cryptio.csproj", "{39733726-4148-4B68-AB38-7D55F2AA850B}"
EndProject
Global
	GlobalSection(SolutionConfigurationPlatforms) = preSolution
		Debug|Any CPU = Debug|Any CPU
		Release|Any CPU = Release|Any CPU
	EndGlobalSection
	GlobalSection(ProjectConfigurationPlatforms) = postSolution
		{39733726-4148-4B68-AB38-7D55F2AA850B}.Debug|Any CPU.ActiveCfg = Debug|Any CPU
		{39733726-4148-4B68-AB38-7D55F2AA850B}.Debug|Any CPU.Build.0 = Debug|Any CPU
		{39733726-4148-4B68-AB38-7D55F2AA850B}.Release|Any CPU.ActiveCfg = Release|Any CPU
		{39733726-4148-4B68-AB38-7D55F2AA850B}.Release|Any CPU.Build.0 = Release|Any CPU
	EndGlobalSection
	GlobalSection(SolutionProperties) = preSolution
		HideSolutionNode = FALSE
	EndGlobalSection
	GlobalSection(ExtensibilityGlobals) = postSolution
		SolutionGuid = {D4C3CA76-B906-4F64-BEFA-D49E9969056A}
	EndGlobalSection
EndGlobal
